
Microsoft Visual Studio Solution File, Format Version 12.00
# Visual Studio 15
VisualStudioVersion = 15.0.28307.1321
MinimumVisualStudioVersion = 10.0.40219.1
Project("{FAE04EC0-301F-11D3-BF4B-00C04F79EFBC}") = "FED1StudioProject", "FED1StudioProject\FED1StudioProject.csproj", "{CBAABE1B-1E64-4925-BC24-9BC3DA306561}"
EndProject
Global
	GlobalSection(SolutionConfigurationPlatforms) = preSolution
		Debug|Any CPU = Debug|Any CPU
		Release|Any CPU = Release|Any CPU
	EndGlobalSection
	GlobalSection(ProjectConfigurationPlatforms) = postSolution
		{CBAABE1B-1E64-4925-BC24-9BC3DA306561}.Debug|Any CPU.ActiveCfg = Debug|Any CPU
		{CBAABE1B-1E64-4925-BC24-9BC3DA306561}.Debug|Any CPU.Build.0 = Debug|Any CPU
		{CBAABE1B-1E64-4925-BC24-9BC3DA306561}.Release|Any CPU.ActiveCfg = Release|Any CPU
		{CBAABE1B-1E64-4925-BC24-9BC3DA306561}.Release|Any CPU.Build.0 = Release|Any CPU
	EndGlobalSection
	GlobalSection(SolutionProperties) = preSolution
		HideSolutionNode = FALSE
	EndGlobalSection
	GlobalSection(ExtensibilityGlobals) = postSolution
		SolutionGuid = {7AF2B075-8F71-4B76-8A9D-B02CE331D221}
	EndGlobalSection
EndGlobal
